// !$*UTF8*$!
{
	archiveVersion = 1;
	classes = {
	};
	objectVersion = 56;
	objects = {

/* Begin PBXBuildFile section */
		ED7F57F72B8E1BD9001483DC /* GroceryApp.swift in Sources */ = {isa = PBXBuildFile; fileRef = ED7F57F62B8E1BD9001483DC /* GroceryApp.swift */; };
		ED7F57F92B8E1BD9001483DC /* HomeView.swift in Sources */ = {isa = PBXBuildFile; fileRef = ED7F57F82B8E1BD9001483DC /* HomeView.swift */; };
		ED7F57FB2B8E1BDA001483DC /* Assets.xcassets in Resources */ = {isa = PBXBuildFile; fileRef = ED7F57FA2B8E1BDA001483DC /* Assets.xcassets */; };
		ED7F57FE2B8E1BDA001483DC /* Preview Assets.xcassets in Resources */ = {isa = PBXBuildFile; fileRef = ED7F57FD2B8E1BDA001483DC /* Preview Assets.xcassets */; };
		ED7F580C2B8E2375001483DC /* Color.swift in Sources */ = {isa = PBXBuildFile; fileRef = ED7F580B2B8E2375001483DC /* Color.swift */; };
		ED7F580E2B8E2713001483DC /* HeaderHomeView.swift in Sources */ = {isa = PBXBuildFile; fileRef = ED7F580D2B8E2713001483DC /* HeaderHomeView.swift */; };
		ED7F58102B8E294F001483DC /* GroceryData.swift in Sources */ = {isa = PBXBuildFile; fileRef = ED7F580F2B8E294F001483DC /* GroceryData.swift */; };
		ED7F58122B8E29C1001483DC /* APIService.swift in Sources */ = {isa = PBXBuildFile; fileRef = ED7F58112B8E29C1001483DC /* APIService.swift */; };
		ED7F58142B8E2CB1001483DC /* HomeViewModel.swift in Sources */ = {isa = PBXBuildFile; fileRef = ED7F58132B8E2CB1001483DC /* HomeViewModel.swift */; };
		ED7F58162B8E33E1001483DC /* BannerImage.swift in Sources */ = {isa = PBXBuildFile; fileRef = ED7F58152B8E33E1001483DC /* BannerImage.swift */; };
		ED7F58182B8E3441001483DC /* BannerImageViewModel.swift in Sources */ = {isa = PBXBuildFile; fileRef = ED7F58172B8E3441001483DC /* BannerImageViewModel.swift */; };
		ED7F581A2B8E3A26001483DC /* Categories.swift in Sources */ = {isa = PBXBuildFile; fileRef = ED7F58192B8E3A26001483DC /* Categories.swift */; };
		ED7F581C2B8E3ADA001483DC /* CategoriesViewModel.swift in Sources */ = {isa = PBXBuildFile; fileRef = ED7F581B2B8E3ADA001483DC /* CategoriesViewModel.swift */; };
		ED7F581E2B8E4407001483DC /* CategoryTile.swift in Sources */ = {isa = PBXBuildFile; fileRef = ED7F581D2B8E4407001483DC /* CategoryTile.swift */; };
/* End PBXBuildFile section */

/* Begin PBXFileReference section */
		ED7F57F32B8E1BD9001483DC /* Grocery.app */ = {isa = PBXFileReference; explicitFileType = wrapper.application; includeInIndex = 0; path = Grocery.app; sourceTree = BUILT_PRODUCTS_DIR; };
		ED7F57F62B8E1BD9001483DC /* GroceryApp.swift */ = {isa = PBXFileReference; lastKnownFileType = sourcecode.swift; path = GroceryApp.swift; sourceTree = "<group>"; };
		ED7F57F82B8E1BD9001483DC /* HomeView.swift */ = {isa = PBXFileReference; lastKnownFileType = sourcecode.swift; path = HomeView.swift; sourceTree = "<group>"; };
		ED7F57FA2B8E1BDA001483DC /* Assets.xcassets */ = {isa = PBXFileReference; lastKnownFileType = folder.assetcatalog; path = Assets.xcassets; sourceTree = "<group>"; };
		ED7F57FD2B8E1BDA001483DC /* Preview Assets.xcassets */ = {isa = PBXFileReference; lastKnownFileType = folder.assetcatalog; path = "Preview Assets.xcassets"; sourceTree = "<group>"; };
		ED7F580B2B8E2375001483DC /* Color.swift */ = {isa = PBXFileReference; lastKnownFileType = sourcecode.swift; path = Color.swift; sourceTree = "<group>"; };
		ED7F580D2B8E2713001483DC /* HeaderHomeView.swift */ = {isa = PBXFileReference; lastKnownFileType = sourcecode.swift; path = HeaderHomeView.swift; sourceTree = "<group>"; };
		ED7F580F2B8E294F001483DC /* GroceryData.swift */ = {isa = PBXFileReference; lastKnownFileType = sourcecode.swift; path = GroceryData.swift; sourceTree = "<group>"; };
		ED7F58112B8E29C1001483DC /* APIService.swift */ = {isa = PBXFileReference; lastKnownFileType = sourcecode.swift; path = APIService.swift; sourceTree = "<group>"; };
		ED7F58132B8E2CB1001483DC /* HomeViewModel.swift */ = {isa = PBXFileReference; lastKnownFileType = sourcecode.swift; path = HomeViewModel.swift; sourceTree = "<group>"; };
		ED7F58152B8E33E1001483DC /* BannerImage.swift */ = {isa = PBXFileReference; lastKnownFileType = sourcecode.swift; path = BannerImage.swift; sourceTree = "<group>"; };
		ED7F58172B8E3441001483DC /* BannerImageViewModel.swift */ = {isa = PBXFileReference; lastKnownFileType = sourcecode.swift; path = BannerImageViewModel.swift; sourceTree = "<group>"; };
		ED7F58192B8E3A26001483DC /* Categories.swift */ = {isa = PBXFileReference; lastKnownFileType = sourcecode.swift; path = Categories.swift; sourceTree = "<group>"; };
		ED7F581B2B8E3ADA001483DC /* CategoriesViewModel.swift */ = {isa = PBXFileReference; lastKnownFileType = sourcecode.swift; path = CategoriesViewModel.swift; sourceTree = "<group>"; };
		ED7F581D2B8E4407001483DC /* CategoryTile.swift */ = {isa = PBXFileReference; lastKnownFileType = sourcecode.swift; path = CategoryTile.swift; sourceTree = "<group>"; };
/* End PBXFileReference section */

/* Begin PBXFrameworksBuildPhase section */
		ED7F57F02B8E1BD9001483DC /* Frameworks */ = {
			isa = PBXFrameworksBuildPhase;
			buildActionMask = 2147483647;
			files = (
			);
			runOnlyForDeploymentPostprocessing = 0;
		};
/* End PBXFrameworksBuildPhase section */

/* Begin PBXGroup section */
		ED7F57EA2B8E1BD9001483DC = {
			isa = PBXGroup;
			children = (
				ED7F57F52B8E1BD9001483DC /* Grocery */,
				ED7F57F42B8E1BD9001483DC /* Products */,
			);
			sourceTree = "<group>";
		};
		ED7F57F42B8E1BD9001483DC /* Products */ = {
			isa = PBXGroup;
			children = (
				ED7F57F32B8E1BD9001483DC /* Grocery.app */,
			);
			name = Products;
			sourceTree = "<group>";
		};
		ED7F57F52B8E1BD9001483DC /* Grocery */ = {
			isa = PBXGroup;
			children = (
				ED7F580A2B8E236A001483DC /* Extensions */,
				ED7F58072B8E1C78001483DC /* Services */,
				ED7F58062B8E1C73001483DC /* Models */,
				ED7F58052B8E1C46001483DC /* ViewModels */,
				ED7F58042B8E1C3F001483DC /* Views */,
				ED7F57F62B8E1BD9001483DC /* GroceryApp.swift */,
				ED7F57FA2B8E1BDA001483DC /* Assets.xcassets */,
				ED7F57FC2B8E1BDA001483DC /* Preview Content */,
			);
			path = Grocery;
			sourceTree = "<group>";
		};
		ED7F57FC2B8E1BDA001483DC /* Preview Content */ = {
			isa = PBXGroup;
			children = (
				ED7F57FD2B8E1BDA001483DC /* Preview Assets.xcassets */,
			);
			path = "Preview Content";
			sourceTree = "<group>";
		};
		ED7F58042B8E1C3F001483DC /* Views */ = {
			isa = PBXGroup;
			children = (
				ED7F58082B8E1C83001483DC /* HomeView */,
			);
			path = Views;
			sourceTree = "<group>";
		};
		ED7F58052B8E1C46001483DC /* ViewModels */ = {
			isa = PBXGroup;
			children = (
				ED7F58132B8E2CB1001483DC /* HomeViewModel.swift */,
				ED7F58172B8E3441001483DC /* BannerImageViewModel.swift */,
				ED7F581B2B8E3ADA001483DC /* CategoriesViewModel.swift */,
			);
			path = ViewModels;
			sourceTree = "<group>";
		};
		ED7F58062B8E1C73001483DC /* Models */ = {
			isa = PBXGroup;
			children = (
				ED7F580F2B8E294F001483DC /* GroceryData.swift */,
			);
			path = Models;
			sourceTree = "<group>";
		};
		ED7F58072B8E1C78001483DC /* Services */ = {
			isa = PBXGroup;
			children = (
				ED7F58112B8E29C1001483DC /* APIService.swift */,
			);
			path = Services;
			sourceTree = "<group>";
		};
		ED7F58082B8E1C83001483DC /* HomeView */ = {
			isa = PBXGroup;
			children = (
				ED7F57F82B8E1BD9001483DC /* HomeView.swift */,
				ED7F58092B8E1C8C001483DC /* Components */,
			);
			path = HomeView;
			sourceTree = "<group>";
		};
		ED7F58092B8E1C8C001483DC /* Components */ = {
			isa = PBXGroup;
			children = (
				ED7F580D2B8E2713001483DC /* HeaderHomeView.swift */,
				ED7F58152B8E33E1001483DC /* BannerImage.swift */,
				ED7F58192B8E3A26001483DC /* Categories.swift */,
				ED7F581D2B8E4407001483DC /* CategoryTile.swift */,
			);
			path = Components;
			sourceTree = "<group>";
		};
		ED7F580A2B8E236A001483DC /* Extensions */ = {
			isa = PBXGroup;
			children = (
				ED7F580B2B8E2375001483DC /* Color.swift */,
			);
			path = Extensions;
			sourceTree = "<group>";
		};
/* End PBXGroup section */

/* Begin PBXNativeTarget section */
		ED7F57F22B8E1BD9001483DC /* Grocery */ = {
			isa = PBXNativeTarget;
			buildConfigurationList = ED7F58012B8E1BDA001483DC /* Build configuration list for PBXNativeTarget "Grocery" */;
			buildPhases = (
				ED7F57EF2B8E1BD9001483DC /* Sources */,
				ED7F57F02B8E1BD9001483DC /* Frameworks */,
				ED7F57F12B8E1BD9001483DC /* Resources */,
			);
			buildRules = (
			);
			dependencies = (
			);
			name = Grocery;
			productName = Grocery;
			productReference = ED7F57F32B8E1BD9001483DC /* Grocery.app */;
			productType = "com.apple.product-type.application";
		};
/* End PBXNativeTarget section */

/* Begin PBXProject section */
		ED7F57EB2B8E1BD9001483DC /* Project object */ = {
			isa = PBXProject;
			attributes = {
				BuildIndependentTargetsInParallel = 1;
				LastSwiftUpdateCheck = 1520;
				LastUpgradeCheck = 1520;
				TargetAttributes = {
					ED7F57F22B8E1BD9001483DC = {
						CreatedOnToolsVersion = 15.2;
					};
				};
			};
			buildConfigurationList = ED7F57EE2B8E1BD9001483DC /* Build configuration list for PBXProject "Grocery" */;
			compatibilityVersion = "Xcode 14.0";
			developmentRegion = en;
			hasScannedForEncodings = 0;
			knownRegions = (
				en,
				Base,
			);
			mainGroup = ED7F57EA2B8E1BD9001483DC;
			productRefGroup = ED7F57F42B8E1BD9001483DC /* Products */;
			projectDirPath = "";
			projectRoot = "";
			targets = (
				ED7F57F22B8E1BD9001483DC /* Grocery */,
			);
		};
/* End PBXProject section */

/* Begin PBXResourcesBuildPhase section */
		ED7F57F12B8E1BD9001483DC /* Resources */ = {
			isa = PBXResourcesBuildPhase;
			buildActionMask = 2147483647;
			files = (
				ED7F57FE2B8E1BDA001483DC /* Preview Assets.xcassets in Resources */,
				ED7F57FB2B8E1BDA001483DC /* Assets.xcassets in Resources */,
			);
			runOnlyForDeploymentPostprocessing = 0;
		};
/* End PBXResourcesBuildPhase section */

/* Begin PBXSourcesBuildPhase section */
		ED7F57EF2B8E1BD9001483DC /* Sources */ = {
			isa = PBXSourcesBuildPhase;
			buildActionMask = 2147483647;
			files = (
				ED7F580E2B8E2713001483DC /* HeaderHomeView.swift in Sources */,
				ED7F57F92B8E1BD9001483DC /* HomeView.swift in Sources */,
				ED7F58142B8E2CB1001483DC /* HomeViewModel.swift in Sources */,
				ED7F58102B8E294F001483DC /* GroceryData.swift in Sources */,
				ED7F57F72B8E1BD9001483DC /* GroceryApp.swift in Sources */,
				ED7F581E2B8E4407001483DC /* CategoryTile.swift in Sources */,
				ED7F58162B8E33E1001483DC /* BannerImage.swift in Sources */,
				ED7F58122B8E29C1001483DC /* APIService.swift in Sources */,
				ED7F581A2B8E3A26001483DC /* Categories.swift in Sources */,
				ED7F58182B8E3441001483DC /* BannerImageViewModel.swift in Sources */,
				ED7F580C2B8E2375001483DC /* Color.swift in Sources */,
				ED7F581C2B8E3ADA001483DC /* CategoriesViewModel.swift in Sources */,
			);
			runOnlyForDeploymentPostprocessing = 0;
		};
/* End PBXSourcesBuildPhase section */

/* Begin XCBuildConfiguration section */
		ED7F57FF2B8E1BDA001483DC /* Debug */ = {
			isa = XCBuildConfiguration;
			buildSettings = {
				ALWAYS_SEARCH_USER_PATHS = NO;
				ASSETCATALOG_COMPILER_GENERATE_SWIFT_ASSET_SYMBOL_EXTENSIONS = YES;
				CLANG_ANALYZER_NONNULL = YES;
				CLANG_ANALYZER_NUMBER_OBJECT_CONVERSION = YES_AGGRESSIVE;
				CLANG_CXX_LANGUAGE_STANDARD = "gnu++20";
				CLANG_ENABLE_MODULES = YES;
				CLANG_ENABLE_OBJC_ARC = YES;
				CLANG_ENABLE_OBJC_WEAK = YES;
				CLANG_WARN_BLOCK_CAPTURE_AUTORELEASING = YES;
				CLANG_WARN_BOOL_CONVERSION = YES;
				CLANG_WARN_COMMA = YES;
				CLANG_WARN_CONSTANT_CONVERSION = YES;
				CLANG_WARN_DEPRECATED_OBJC_IMPLEMENTATIONS = YES;
				CLANG_WARN_DIRECT_OBJC_ISA_USAGE = YES_ERROR;
				CLANG_WARN_DOCUMENTATION_COMMENTS = YES;
				CLANG_WARN_EMPTY_BODY = YES;
				CLANG_WARN_ENUM_CONVERSION = YES;
				CLANG_WARN_INFINITE_RECURSION = YES;
				CLANG_WARN_INT_CONVERSION = YES;
				CLANG_WARN_NON_LITERAL_NULL_CONVERSION = YES;
				CLANG_WARN_OBJC_IMPLICIT_RETAIN_SELF = YES;
				CLANG_WARN_OBJC_LITERAL_CONVERSION = YES;
				CLANG_WARN_OBJC_ROOT_CLASS = YES_ERROR;
				CLANG_WARN_QUOTED_INCLUDE_IN_FRAMEWORK_HEADER = YES;
				CLANG_WARN_RANGE_LOOP_ANALYSIS = YES;
				CLANG_WARN_STRICT_PROTOTYPES = YES;
				CLANG_WARN_SUSPICIOUS_MOVE = YES;
				CLANG_WARN_UNGUARDED_AVAILABILITY = YES_AGGRESSIVE;
				CLANG_WARN_UNREACHABLE_CODE = YES;
				CLANG_WARN__DUPLICATE_METHOD_MATCH = YES;
				COPY_PHASE_STRIP = NO;
				DEBUG_INFORMATION_FORMAT = dwarf;
				ENABLE_STRICT_OBJC_MSGSEND = YES;
				ENABLE_TESTABILITY = YES;
				ENABLE_USER_SCRIPT_SANDBOXING = YES;
				GCC_C_LANGUAGE_STANDARD = gnu17;
				GCC_DYNAMIC_NO_PIC = NO;
				GCC_NO_COMMON_BLOCKS = YES;
				GCC_OPTIMIZATION_LEVEL = 0;
				GCC_PREPROCESSOR_DEFINITIONS = (
					"DEBUG=1",
					"$(inherited)",
				);
				GCC_WARN_64_TO_32_BIT_CONVERSION = YES;
				GCC_WARN_ABOUT_RETURN_TYPE = YES_ERROR;
				GCC_WARN_UNDECLARED_SELECTOR = YES;
				GCC_WARN_UNINITIALIZED_AUTOS = YES_AGGRESSIVE;
				GCC_WARN_UNUSED_FUNCTION = YES;
				GCC_WARN_UNUSED_VARIABLE = YES;
				IPHONEOS_DEPLOYMENT_TARGET = 17.2;
				LOCALIZATION_PREFERS_STRING_CATALOGS = YES;
				MTL_ENABLE_DEBUG_INFO = INCLUDE_SOURCE;
				MTL_FAST_MATH = YES;
				ONLY_ACTIVE_ARCH = YES;
				SDKROOT = iphoneos;
				SWIFT_ACTIVE_COMPILATION_CONDITIONS = "DEBUG $(inherited)";
				SWIFT_OPTIMIZATION_LEVEL = "-Onone";
			};
			name = Debug;
		};
		ED7F58002B8E1BDA001483DC /* Release */ = {
			isa = XCBuildConfiguration;
			buildSettings = {
				ALWAYS_SEARCH_USER_PATHS = NO;
				ASSETCATALOG_COMPILER_GENERATE_SWIFT_ASSET_SYMBOL_EXTENSIONS = YES;
				CLANG_ANALYZER_NONNULL = YES;
				CLANG_ANALYZER_NUMBER_OBJECT_CONVERSION = YES_AGGRESSIVE;
				CLANG_CXX_LANGUAGE_STANDARD = "gnu++20";
				CLANG_ENABLE_MODULES = YES;
				CLANG_ENABLE_OBJC_ARC = YES;
				CLANG_ENABLE_OBJC_WEAK = YES;
				CLANG_WARN_BLOCK_CAPTURE_AUTORELEASING = YES;
				CLANG_WARN_BOOL_CONVERSION = YES;
				CLANG_WARN_COMMA = YES;
				CLANG_WARN_CONSTANT_CONVERSION = YES;
				CLANG_WARN_DEPRECATED_OBJC_IMPLEMENTATIONS = YES;
				CLANG_WARN_DIRECT_OBJC_ISA_USAGE = YES_ERROR;
				CLANG_WARN_DOCUMENTATION_COMMENTS = YES;
				CLANG_WARN_EMPTY_BODY = YES;
				CLANG_WARN_ENUM_CONVERSION = YES;
				CLANG_WARN_INFINITE_RECURSION = YES;
				CLANG_WARN_INT_CONVERSION = YES;
				CLANG_WARN_NON_LITERAL_NULL_CONVERSION = YES;
				CLANG_WARN_OBJC_IMPLICIT_RETAIN_SELF = YES;
				CLANG_WARN_OBJC_LITERAL_CONVERSION = YES;
				CLANG_WARN_OBJC_ROOT_CLASS = YES_ERROR;
				CLANG_WARN_QUOTED_INCLUDE_IN_FRAMEWORK_HEADER = YES;
				CLANG_WARN_RANGE_LOOP_ANALYSIS = YES;
				CLANG_WARN_STRICT_PROTOTYPES = YES;
				CLANG_WARN_SUSPICIOUS_MOVE = YES;
				CLANG_WARN_UNGUARDED_AVAILABILITY = YES_AGGRESSIVE;
				CLANG_WARN_UNREACHABLE_CODE = YES;
				CLANG_WARN__DUPLICATE_METHOD_MATCH = YES;
				COPY_PHASE_STRIP = NO;
				DEBUG_INFORMATION_FORMAT = "dwarf-with-dsym";
				ENABLE_NS_ASSERTIONS = NO;
				ENABLE_STRICT_OBJC_MSGSEND = YES;
				ENABLE_USER_SCRIPT_SANDBOXING = YES;
				GCC_C_LANGUAGE_STANDARD = gnu17;
				GCC_NO_COMMON_BLOCKS = YES;
				GCC_WARN_64_TO_32_BIT_CONVERSION = YES;
				GCC_WARN_ABOUT_RETURN_TYPE = YES_ERROR;
				GCC_WARN_UNDECLARED_SELECTOR = YES;
				GCC_WARN_UNINITIALIZED_AUTOS = YES_AGGRESSIVE;
				GCC_WARN_UNUSED_FUNCTION = YES;
				GCC_WARN_UNUSED_VARIABLE = YES;
				IPHONEOS_DEPLOYMENT_TARGET = 17.2;
				LOCALIZATION_PREFERS_STRING_CATALOGS = YES;
				MTL_ENABLE_DEBUG_INFO = NO;
				MTL_FAST_MATH = YES;
				SDKROOT = iphoneos;
				SWIFT_COMPILATION_MODE = wholemodule;
				VALIDATE_PRODUCT = YES;
			};
			name = Release;
		};
		ED7F58022B8E1BDA001483DC /* Debug */ = {
			isa = XCBuildConfiguration;
			buildSettings = {
				ASSETCATALOG_COMPILER_APPICON_NAME = AppIcon;
				ASSETCATALOG_COMPILER_GLOBAL_ACCENT_COLOR_NAME = AccentColor;
				CODE_SIGN_STYLE = Automatic;
				CURRENT_PROJECT_VERSION = 1;
				DEVELOPMENT_ASSET_PATHS = "\"Grocery/Preview Content\"";
				DEVELOPMENT_TEAM = K6C5P3CXYZ;
				ENABLE_PREVIEWS = YES;
				GENERATE_INFOPLIST_FILE = YES;
				INFOPLIST_KEY_UIApplicationSceneManifest_Generation = YES;
				INFOPLIST_KEY_UIApplicationSupportsIndirectInputEvents = YES;
				INFOPLIST_KEY_UILaunchScreen_Generation = YES;
				INFOPLIST_KEY_UISupportedInterfaceOrientations = UIInterfaceOrientationPortrait;
				INFOPLIST_KEY_UISupportedInterfaceOrientations_iPad = "UIInterfaceOrientationLandscapeLeft UIInterfaceOrientationLandscapeRight UIInterfaceOrientationPortrait UIInterfaceOrientationPortraitUpsideDown";
				IPHONEOS_DEPLOYMENT_TARGET = 14.0;
				LD_RUNPATH_SEARCH_PATHS = (
					"$(inherited)",
					"@executable_path/Frameworks",
				);
				MARKETING_VERSION = 1.0;
				PRODUCT_BUNDLE_IDENTIFIER = com.example.Grocery;
				PRODUCT_NAME = "$(TARGET_NAME)";
				SWIFT_EMIT_LOC_STRINGS = YES;
				SWIFT_VERSION = 5.0;
				TARGETED_DEVICE_FAMILY = "1,2";
			};
			name = Debug;
		};
		ED7F58032B8E1BDA001483DC /* Release */ = {
			isa = XCBuildConfiguration;
			buildSettings = {
				ASSETCATALOG_COMPILER_APPICON_NAME = AppIcon;
				ASSETCATALOG_COMPILER_GLOBAL_ACCENT_COLOR_NAME = AccentColor;
				CODE_SIGN_STYLE = Automatic;
				CURRENT_PROJECT_VERSION = 1;
				DEVELOPMENT_ASSET_PATHS = "\"Grocery/Preview Content\"";
				DEVELOPMENT_TEAM = K6C5P3CXYZ;
				ENABLE_PREVIEWS = YES;
				GENERATE_INFOPLIST_FILE = YES;
				INFOPLIST_KEY_UIApplicationSceneManifest_Generation = YES;
				INFOPLIST_KEY_UIApplicationSupportsIndirectInputEvents = YES;
				INFOPLIST_KEY_UILaunchScreen_Generation = YES;
				INFOPLIST_KEY_UISupportedInterfaceOrientations = UIInterfaceOrientationPortrait;
				INFOPLIST_KEY_UISupportedInterfaceOrientations_iPad = "UIInterfaceOrientationLandscapeLeft UIInterfaceOrientationLandscapeRight UIInterfaceOrientationPortrait UIInterfaceOrientationPortraitUpsideDown";
				IPHONEOS_DEPLOYMENT_TARGET = 14.0;
				LD_RUNPATH_SEARCH_PATHS = (
					"$(inherited)",
					"@executable_path/Frameworks",
				);
				MARKETING_VERSION = 1.0;
				PRODUCT_BUNDLE_IDENTIFIER = com.example.Grocery;
				PRODUCT_NAME = "$(TARGET_NAME)";
				SWIFT_EMIT_LOC_STRINGS = YES;
				SWIFT_VERSION = 5.0;
				TARGETED_DEVICE_FAMILY = "1,2";
			};
			name = Release;
		};
/* End XCBuildConfiguration section */

/* Begin XCConfigurationList section */
		ED7F57EE2B8E1BD9001483DC /* Build configuration list for PBXProject "Grocery" */ = {
			isa = XCConfigurationList;
			buildConfigurations = (
				ED7F57FF2B8E1BDA001483DC /* Debug */,
				ED7F58002B8E1BDA001483DC /* Release */,
			);
			defaultConfigurationIsVisible = 0;
			defaultConfigurationName = Release;
		};
		ED7F58012B8E1BDA001483DC /* Build configuration list for PBXNativeTarget "Grocery" */ = {
			isa = XCConfigurationList;
			buildConfigurations = (
				ED7F58022B8E1BDA001483DC /* Debug */,
				ED7F58032B8E1BDA001483DC /* Release */,
			);
			defaultConfigurationIsVisible = 0;
			defaultConfigurationName = Release;
		};
/* End XCConfigurationList section */
	};
	rootObject = ED7F57EB2B8E1BD9001483DC /* Project object */;
}
